
Microsoft Visual Studio Solution File, Format Version 12.00
# Visual Studio 15
VisualStudioVersion = 15.0.28307.421
MinimumVisualStudioVersion = 10.0.40219.1
Project("{FAE04EC0-301F-11D3-BF4B-00C04F79EFBC}") = "pic_up", "pic_up\pic_up.csproj", "{8A503550-5968-4B2F-A319-FDDDC8BCEB47}"
EndProject
Project("{FAE04EC0-301F-11D3-BF4B-00C04F79EFBC}") = "WCF_HOST", "WCF_HOST\WCF_HOST.csproj", "{0EB4D4F7-CC4E-48B3-81FA-0848BFB9A867}"
EndProject
Project("{FAE04EC0-301F-11D3-BF4B-00C04F79EFBC}") = "TransferPic", "TransferPic\TransferPic.csproj", "{F09FA30D-0F5E-4F30-9139-BF89872148A9}"
EndProject
Global
	GlobalSection(SolutionConfigurationPlatforms) = preSolution
		Debug|Any CPU = Debug|Any CPU
		Release|Any CPU = Release|Any CPU
	EndGlobalSection
	GlobalSection(ProjectConfigurationPlatforms) = postSolution
		{8A503550-5968-4B2F-A319-FDDDC8BCEB47}.Debug|Any CPU.ActiveCfg = Debug|Any CPU
		{8A503550-5968-4B2F-A319-FDDDC8BCEB47}.Debug|Any CPU.Build.0 = Debug|Any CPU
		{8A503550-5968-4B2F-A319-FDDDC8BCEB47}.Release|Any CPU.ActiveCfg = Release|Any CPU
		{8A503550-5968-4B2F-A319-FDDDC8BCEB47}.Release|Any CPU.Build.0 = Release|Any CPU
		{0EB4D4F7-CC4E-48B3-81FA-0848BFB9A867}.Debug|Any CPU.ActiveCfg = Debug|Any CPU
		{0EB4D4F7-CC4E-48B3-81FA-0848BFB9A867}.Debug|Any CPU.Build.0 = Debug|Any CPU
		{0EB4D4F7-CC4E-48B3-81FA-0848BFB9A867}.Release|Any CPU.ActiveCfg = Release|Any CPU
		{0EB4D4F7-CC4E-48B3-81FA-0848BFB9A867}.Release|Any CPU.Build.0 = Release|Any CPU
		{F09FA30D-0F5E-4F30-9139-BF89872148A9}.Debug|Any CPU.ActiveCfg = Debug|Any CPU
		{F09FA30D-0F5E-4F30-9139-BF89872148A9}.Debug|Any CPU.Build.0 = Debug|Any CPU
		{F09FA30D-0F5E-4F30-9139-BF89872148A9}.Release|Any CPU.ActiveCfg = Release|Any CPU
		{F09FA30D-0F5E-4F30-9139-BF89872148A9}.Release|Any CPU.Build.0 = Release|Any CPU
	EndGlobalSection
	GlobalSection(SolutionProperties) = preSolution
		HideSolutionNode = FALSE
	EndGlobalSection
	GlobalSection(ExtensibilityGlobals) = postSolution
		SolutionGuid = {FBBF3AA5-6B53-4B61-BFF0-1EEDE3A688BF}
	EndGlobalSection
EndGlobal
