
Microsoft Visual Studio Solution File, Format Version 12.00
# Visual Studio 15
VisualStudioVersion = 15.0.28307.421
MinimumVisualStudioVersion = 10.0.40219.1
Project("{FAE04EC0-301F-11D3-BF4B-00C04F79EFBC}") = "WcfModels", "WcfModels\WcfModels.csproj", "{479849CD-3F79-4B29-ACD0-ADCED9DC3A6E}"
EndProject
Project("{FAE04EC0-301F-11D3-BF4B-00C04F79EFBC}") = "WcfHost", "WcfHost\WcfHost.csproj", "{C2F9C329-024C-497E-9308-15457A3E947E}"
EndProject
Project("{FAE04EC0-301F-11D3-BF4B-00C04F79EFBC}") = "OQAService", "OQAService\OQAService.csproj", "{93084370-FF48-4E22-943B-5A9359311041}"
EndProject
Global
	GlobalSection(SolutionConfigurationPlatforms) = preSolution
		Debug|Any CPU = Debug|Any CPU
		Release|Any CPU = Release|Any CPU
	EndGlobalSection
	GlobalSection(ProjectConfigurationPlatforms) = postSolution
		{479849CD-3F79-4B29-ACD0-ADCED9DC3A6E}.Debug|Any CPU.ActiveCfg = Debug|Any CPU
		{479849CD-3F79-4B29-ACD0-ADCED9DC3A6E}.Debug|Any CPU.Build.0 = Debug|Any CPU
		{479849CD-3F79-4B29-ACD0-ADCED9DC3A6E}.Release|Any CPU.ActiveCfg = Release|Any CPU
		{479849CD-3F79-4B29-ACD0-ADCED9DC3A6E}.Release|Any CPU.Build.0 = Release|Any CPU
		{C2F9C329-024C-497E-9308-15457A3E947E}.Debug|Any CPU.ActiveCfg = Debug|Any CPU
		{C2F9C329-024C-497E-9308-15457A3E947E}.Debug|Any CPU.Build.0 = Debug|Any CPU
		{C2F9C329-024C-497E-9308-15457A3E947E}.Release|Any CPU.ActiveCfg = Release|Any CPU
		{C2F9C329-024C-497E-9308-15457A3E947E}.Release|Any CPU.Build.0 = Release|Any CPU
		{93084370-FF48-4E22-943B-5A9359311041}.Debug|Any CPU.ActiveCfg = Debug|Any CPU
		{93084370-FF48-4E22-943B-5A9359311041}.Debug|Any CPU.Build.0 = Debug|Any CPU
		{93084370-FF48-4E22-943B-5A9359311041}.Release|Any CPU.ActiveCfg = Release|Any CPU
		{93084370-FF48-4E22-943B-5A9359311041}.Release|Any CPU.Build.0 = Release|Any CPU
	EndGlobalSection
	GlobalSection(SolutionProperties) = preSolution
		HideSolutionNode = FALSE
	EndGlobalSection
	GlobalSection(ExtensibilityGlobals) = postSolution
		SolutionGuid = {4DA3A749-B82B-4F41-B419-317220787919}
	EndGlobalSection
EndGlobal
