
Microsoft Visual Studio Solution File, Format Version 12.00
# Visual Studio 15
VisualStudioVersion = 15.0.28307.421
MinimumVisualStudioVersion = 10.0.40219.1
Project("{FAE04EC0-301F-11D3-BF4B-00C04F79EFBC}") = "OQAMain", "OQAMain\OQAMain.csproj", "{17247320-F8A8-45E1-9C4D-CCDE17E07F1A}"
EndProject
Project("{FAE04EC0-301F-11D3-BF4B-00C04F79EFBC}") = "OQA_Core", "OQA_Core\OQA_Core.csproj", "{6734161E-7D2D-485F-A48C-D0DFEA600583}"
EndProject
Project("{FAE04EC0-301F-11D3-BF4B-00C04F79EFBC}") = "WcfClient", "WcfClient\WcfClient.csproj", "{39E7EC5C-D223-4CF9-A034-969CB60AD090}"
	ProjectSection(ProjectDependencies) = postProject
		{17247320-F8A8-45E1-9C4D-CCDE17E07F1A} = {17247320-F8A8-45E1-9C4D-CCDE17E07F1A}
	EndProjectSection
EndProject
Global
	GlobalSection(SolutionConfigurationPlatforms) = preSolution
		Debug|Any CPU = Debug|Any CPU
		Release|Any CPU = Release|Any CPU
	EndGlobalSection
	GlobalSection(ProjectConfigurationPlatforms) = postSolution
		{17247320-F8A8-45E1-9C4D-CCDE17E07F1A}.Debug|Any CPU.ActiveCfg = Debug|Any CPU
		{17247320-F8A8-45E1-9C4D-CCDE17E07F1A}.Debug|Any CPU.Build.0 = Debug|Any CPU
		{17247320-F8A8-45E1-9C4D-CCDE17E07F1A}.Release|Any CPU.ActiveCfg = Release|Any CPU
		{17247320-F8A8-45E1-9C4D-CCDE17E07F1A}.Release|Any CPU.Build.0 = Release|Any CPU
		{6734161E-7D2D-485F-A48C-D0DFEA600583}.Debug|Any CPU.ActiveCfg = Debug|Any CPU
		{6734161E-7D2D-485F-A48C-D0DFEA600583}.Debug|Any CPU.Build.0 = Debug|Any CPU
		{6734161E-7D2D-485F-A48C-D0DFEA600583}.Release|Any CPU.ActiveCfg = Release|Any CPU
		{6734161E-7D2D-485F-A48C-D0DFEA600583}.Release|Any CPU.Build.0 = Release|Any CPU
		{39E7EC5C-D223-4CF9-A034-969CB60AD090}.Debug|Any CPU.ActiveCfg = Debug|Any CPU
		{39E7EC5C-D223-4CF9-A034-969CB60AD090}.Debug|Any CPU.Build.0 = Debug|Any CPU
		{39E7EC5C-D223-4CF9-A034-969CB60AD090}.Release|Any CPU.ActiveCfg = Release|Any CPU
		{39E7EC5C-D223-4CF9-A034-969CB60AD090}.Release|Any CPU.Build.0 = Release|Any CPU
	EndGlobalSection
	GlobalSection(SolutionProperties) = preSolution
		HideSolutionNode = FALSE
	EndGlobalSection
	GlobalSection(ExtensibilityGlobals) = postSolution
		SolutionGuid = {889F7500-D937-437C-AD59-A0B9E5E6870A}
	EndGlobalSection
EndGlobal
