
Microsoft Visual Studio Solution File, Format Version 12.00
# Visual Studio 15
VisualStudioVersion = 15.0.27703.2042
MinimumVisualStudioVersion = 10.0.40219.1
Project("{FAE04EC0-301F-11D3-BF4B-00C04F79EFBC}") = "WcfService", "WcfService\WcfService.csproj", "{A19B87EE-049D-4600-845C-F33B22DCEC8B}"
EndProject
Project("{FAE04EC0-301F-11D3-BF4B-00C04F79EFBC}") = "WcfHost", "WcfHost\WcfHost.csproj", "{C2F9C329-024C-497E-9308-15457A3E947E}"
EndProject
Project("{FAE04EC0-301F-11D3-BF4B-00C04F79EFBC}") = "WcfClient", "WcfClient\WcfClient.csproj", "{39E7EC5C-D223-4CF9-A034-969CB60AD090}"
	ProjectSection(ProjectDependencies) = postProject
		{A19B87EE-049D-4600-845C-F33B22DCEC8B} = {A19B87EE-049D-4600-845C-F33B22DCEC8B}
	EndProjectSection
EndProject
Project("{FAE04EC0-301F-11D3-BF4B-00C04F79EFBC}") = "Utils", "Utils\Utils.csproj", "{498C0182-C70A-4143-86EA-F779E71F3B46}"
EndProject
Project("{FAE04EC0-301F-11D3-BF4B-00C04F79EFBC}") = "WcfWebService", "WcfWebService\WcfWebService.csproj", "{E0FCBCBC-8664-4AD9-98A1-66010C0DB7BD}"
EndProject
Project("{FAE04EC0-301F-11D3-BF4B-00C04F79EFBC}") = "WcfModels", "WCFModels\WcfModels.csproj", "{479849CD-3F79-4B29-ACD0-ADCED9DC3A6E}"
EndProject
Project("{2150E333-8FDC-42A3-9474-1A3956D46DE8}") = "server", "server", "{967E6D58-B78A-4D98-8F53-202926365C55}"
EndProject
Project("{2150E333-8FDC-42A3-9474-1A3956D46DE8}") = "client", "client", "{10BA307A-9916-4552-9DF4-94962BA77449}"
EndProject
Project("{FAE04EC0-301F-11D3-BF4B-00C04F79EFBC}") = "OQA_Core", "OQA_Core\OQA_Core.csproj", "{6734161E-7D2D-485F-A48C-D0DFEA600583}"
EndProject
Project("{FAE04EC0-301F-11D3-BF4B-00C04F79EFBC}") = "OQAMain", "OQAMain\OQAMain.csproj", "{17247320-F8A8-45E1-9C4D-CCDE17E07F1A}"
EndProject
Project("{FAE04EC0-301F-11D3-BF4B-00C04F79EFBC}") = "WcfClientCore", "WcfClientCore\WcfClientCore.csproj", "{04786636-8825-4FDA-8841-687C2880BF26}"
EndProject
Project("{FAE04EC0-301F-11D3-BF4B-00C04F79EFBC}") = "OQAService", "OQAService\OQAService.csproj", "{93084370-FF48-4E22-943B-5A9359311041}"
EndProject
Global
	GlobalSection(SolutionConfigurationPlatforms) = preSolution
		Debug|Any CPU = Debug|Any CPU
		Debug|ARM = Debug|ARM
		Debug|x64 = Debug|x64
		Debug|x86 = Debug|x86
		Release|Any CPU = Release|Any CPU
		Release|ARM = Release|ARM
		Release|x64 = Release|x64
		Release|x86 = Release|x86
	EndGlobalSection
	GlobalSection(ProjectConfigurationPlatforms) = postSolution
		{A19B87EE-049D-4600-845C-F33B22DCEC8B}.Debug|Any CPU.ActiveCfg = Debug|Any CPU
		{A19B87EE-049D-4600-845C-F33B22DCEC8B}.Debug|Any CPU.Build.0 = Debug|Any CPU
		{A19B87EE-049D-4600-845C-F33B22DCEC8B}.Debug|ARM.ActiveCfg = Debug|Any CPU
		{A19B87EE-049D-4600-845C-F33B22DCEC8B}.Debug|ARM.Build.0 = Debug|Any CPU
		{A19B87EE-049D-4600-845C-F33B22DCEC8B}.Debug|x64.ActiveCfg = Debug|Any CPU
		{A19B87EE-049D-4600-845C-F33B22DCEC8B}.Debug|x64.Build.0 = Debug|Any CPU
		{A19B87EE-049D-4600-845C-F33B22DCEC8B}.Debug|x86.ActiveCfg = Debug|x86
		{A19B87EE-049D-4600-845C-F33B22DCEC8B}.Debug|x86.Build.0 = Debug|x86
		{A19B87EE-049D-4600-845C-F33B22DCEC8B}.Release|Any CPU.ActiveCfg = Release|Any CPU
		{A19B87EE-049D-4600-845C-F33B22DCEC8B}.Release|Any CPU.Build.0 = Release|Any CPU
		{A19B87EE-049D-4600-845C-F33B22DCEC8B}.Release|ARM.ActiveCfg = Release|Any CPU
		{A19B87EE-049D-4600-845C-F33B22DCEC8B}.Release|ARM.Build.0 = Release|Any CPU
		{A19B87EE-049D-4600-845C-F33B22DCEC8B}.Release|x64.ActiveCfg = Release|Any CPU
		{A19B87EE-049D-4600-845C-F33B22DCEC8B}.Release|x64.Build.0 = Release|Any CPU
		{A19B87EE-049D-4600-845C-F33B22DCEC8B}.Release|x86.ActiveCfg = Release|Any CPU
		{A19B87EE-049D-4600-845C-F33B22DCEC8B}.Release|x86.Build.0 = Release|Any CPU
		{C2F9C329-024C-497E-9308-15457A3E947E}.Debug|Any CPU.ActiveCfg = Debug|Any CPU
		{C2F9C329-024C-497E-9308-15457A3E947E}.Debug|Any CPU.Build.0 = Debug|Any CPU
		{C2F9C329-024C-497E-9308-15457A3E947E}.Debug|ARM.ActiveCfg = Debug|Any CPU
		{C2F9C329-024C-497E-9308-15457A3E947E}.Debug|ARM.Build.0 = Debug|Any CPU
		{C2F9C329-024C-497E-9308-15457A3E947E}.Debug|x64.ActiveCfg = Debug|Any CPU
		{C2F9C329-024C-497E-9308-15457A3E947E}.Debug|x64.Build.0 = Debug|Any CPU
		{C2F9C329-024C-497E-9308-15457A3E947E}.Debug|x86.ActiveCfg = Debug|x86
		{C2F9C329-024C-497E-9308-15457A3E947E}.Debug|x86.Build.0 = Debug|x86
		{C2F9C329-024C-497E-9308-15457A3E947E}.Release|Any CPU.ActiveCfg = Release|Any CPU
		{C2F9C329-024C-497E-9308-15457A3E947E}.Release|Any CPU.Build.0 = Release|Any CPU
		{C2F9C329-024C-497E-9308-15457A3E947E}.Release|ARM.ActiveCfg = Release|Any CPU
		{C2F9C329-024C-497E-9308-15457A3E947E}.Release|ARM.Build.0 = Release|Any CPU
		{C2F9C329-024C-497E-9308-15457A3E947E}.Release|x64.ActiveCfg = Release|Any CPU
		{C2F9C329-024C-497E-9308-15457A3E947E}.Release|x64.Build.0 = Release|Any CPU
		{C2F9C329-024C-497E-9308-15457A3E947E}.Release|x86.ActiveCfg = Release|Any CPU
		{C2F9C329-024C-497E-9308-15457A3E947E}.Release|x86.Build.0 = Release|Any CPU
		{39E7EC5C-D223-4CF9-A034-969CB60AD090}.Debug|Any CPU.ActiveCfg = Debug|Any CPU
		{39E7EC5C-D223-4CF9-A034-969CB60AD090}.Debug|Any CPU.Build.0 = Debug|Any CPU
		{39E7EC5C-D223-4CF9-A034-969CB60AD090}.Debug|ARM.ActiveCfg = Debug|Any CPU
		{39E7EC5C-D223-4CF9-A034-969CB60AD090}.Debug|ARM.Build.0 = Debug|Any CPU
		{39E7EC5C-D223-4CF9-A034-969CB60AD090}.Debug|x64.ActiveCfg = Debug|Any CPU
		{39E7EC5C-D223-4CF9-A034-969CB60AD090}.Debug|x64.Build.0 = Debug|Any CPU
		{39E7EC5C-D223-4CF9-A034-969CB60AD090}.Debug|x86.ActiveCfg = Debug|x86
		{39E7EC5C-D223-4CF9-A034-969CB60AD090}.Debug|x86.Build.0 = Debug|x86
		{39E7EC5C-D223-4CF9-A034-969CB60AD090}.Release|Any CPU.ActiveCfg = Release|Any CPU
		{39E7EC5C-D223-4CF9-A034-969CB60AD090}.Release|Any CPU.Build.0 = Release|Any CPU
		{39E7EC5C-D223-4CF9-A034-969CB60AD090}.Release|ARM.ActiveCfg = Release|Any CPU
		{39E7EC5C-D223-4CF9-A034-969CB60AD090}.Release|ARM.Build.0 = Release|Any CPU
		{39E7EC5C-D223-4CF9-A034-969CB60AD090}.Release|x64.ActiveCfg = Release|Any CPU
		{39E7EC5C-D223-4CF9-A034-969CB60AD090}.Release|x64.Build.0 = Release|Any CPU
		{39E7EC5C-D223-4CF9-A034-969CB60AD090}.Release|x86.ActiveCfg = Release|Any CPU
		{39E7EC5C-D223-4CF9-A034-969CB60AD090}.Release|x86.Build.0 = Release|Any CPU
		{498C0182-C70A-4143-86EA-F779E71F3B46}.Debug|Any CPU.ActiveCfg = Debug|Any CPU
		{498C0182-C70A-4143-86EA-F779E71F3B46}.Debug|Any CPU.Build.0 = Debug|Any CPU
		{498C0182-C70A-4143-86EA-F779E71F3B46}.Debug|ARM.ActiveCfg = Debug|Any CPU
		{498C0182-C70A-4143-86EA-F779E71F3B46}.Debug|ARM.Build.0 = Debug|Any CPU
		{498C0182-C70A-4143-86EA-F779E71F3B46}.Debug|x64.ActiveCfg = Debug|Any CPU
		{498C0182-C70A-4143-86EA-F779E71F3B46}.Debug|x64.Build.0 = Debug|Any CPU
		{498C0182-C70A-4143-86EA-F779E71F3B46}.Debug|x86.ActiveCfg = Debug|x86
		{498C0182-C70A-4143-86EA-F779E71F3B46}.Debug|x86.Build.0 = Debug|x86
		{498C0182-C70A-4143-86EA-F779E71F3B46}.Release|Any CPU.ActiveCfg = Release|Any CPU
		{498C0182-C70A-4143-86EA-F779E71F3B46}.Release|Any CPU.Build.0 = Release|Any CPU
		{498C0182-C70A-4143-86EA-F779E71F3B46}.Release|ARM.ActiveCfg = Release|Any CPU
		{498C0182-C70A-4143-86EA-F779E71F3B46}.Release|ARM.Build.0 = Release|Any CPU
		{498C0182-C70A-4143-86EA-F779E71F3B46}.Release|x64.ActiveCfg = Release|Any CPU
		{498C0182-C70A-4143-86EA-F779E71F3B46}.Release|x64.Build.0 = Release|Any CPU
		{498C0182-C70A-4143-86EA-F779E71F3B46}.Release|x86.ActiveCfg = Release|Any CPU
		{498C0182-C70A-4143-86EA-F779E71F3B46}.Release|x86.Build.0 = Release|Any CPU
		{E0FCBCBC-8664-4AD9-98A1-66010C0DB7BD}.Debug|Any CPU.ActiveCfg = Debug|Any CPU
		{E0FCBCBC-8664-4AD9-98A1-66010C0DB7BD}.Debug|Any CPU.Build.0 = Debug|Any CPU
		{E0FCBCBC-8664-4AD9-98A1-66010C0DB7BD}.Debug|ARM.ActiveCfg = Debug|Any CPU
		{E0FCBCBC-8664-4AD9-98A1-66010C0DB7BD}.Debug|ARM.Build.0 = Debug|Any CPU
		{E0FCBCBC-8664-4AD9-98A1-66010C0DB7BD}.Debug|x64.ActiveCfg = Debug|Any CPU
		{E0FCBCBC-8664-4AD9-98A1-66010C0DB7BD}.Debug|x64.Build.0 = Debug|Any CPU
		{E0FCBCBC-8664-4AD9-98A1-66010C0DB7BD}.Debug|x86.ActiveCfg = Debug|x86
		{E0FCBCBC-8664-4AD9-98A1-66010C0DB7BD}.Debug|x86.Build.0 = Debug|x86
		{E0FCBCBC-8664-4AD9-98A1-66010C0DB7BD}.Release|Any CPU.ActiveCfg = Release|Any CPU
		{E0FCBCBC-8664-4AD9-98A1-66010C0DB7BD}.Release|Any CPU.Build.0 = Release|Any CPU
		{E0FCBCBC-8664-4AD9-98A1-66010C0DB7BD}.Release|ARM.ActiveCfg = Release|Any CPU
		{E0FCBCBC-8664-4AD9-98A1-66010C0DB7BD}.Release|ARM.Build.0 = Release|Any CPU
		{E0FCBCBC-8664-4AD9-98A1-66010C0DB7BD}.Release|x64.ActiveCfg = Release|Any CPU
		{E0FCBCBC-8664-4AD9-98A1-66010C0DB7BD}.Release|x64.Build.0 = Release|Any CPU
		{E0FCBCBC-8664-4AD9-98A1-66010C0DB7BD}.Release|x86.ActiveCfg = Release|Any CPU
		{E0FCBCBC-8664-4AD9-98A1-66010C0DB7BD}.Release|x86.Build.0 = Release|Any CPU
		{479849CD-3F79-4B29-ACD0-ADCED9DC3A6E}.Debug|Any CPU.ActiveCfg = Debug|Any CPU
		{479849CD-3F79-4B29-ACD0-ADCED9DC3A6E}.Debug|Any CPU.Build.0 = Debug|Any CPU
		{479849CD-3F79-4B29-ACD0-ADCED9DC3A6E}.Debug|ARM.ActiveCfg = Debug|Any CPU
		{479849CD-3F79-4B29-ACD0-ADCED9DC3A6E}.Debug|ARM.Build.0 = Debug|Any CPU
		{479849CD-3F79-4B29-ACD0-ADCED9DC3A6E}.Debug|x64.ActiveCfg = Debug|Any CPU
		{479849CD-3F79-4B29-ACD0-ADCED9DC3A6E}.Debug|x64.Build.0 = Debug|Any CPU
		{479849CD-3F79-4B29-ACD0-ADCED9DC3A6E}.Debug|x86.ActiveCfg = Debug|x86
		{479849CD-3F79-4B29-ACD0-ADCED9DC3A6E}.Debug|x86.Build.0 = Debug|x86
		{479849CD-3F79-4B29-ACD0-ADCED9DC3A6E}.Release|Any CPU.ActiveCfg = Release|Any CPU
		{479849CD-3F79-4B29-ACD0-ADCED9DC3A6E}.Release|Any CPU.Build.0 = Release|Any CPU
		{479849CD-3F79-4B29-ACD0-ADCED9DC3A6E}.Release|ARM.ActiveCfg = Release|Any CPU
		{479849CD-3F79-4B29-ACD0-ADCED9DC3A6E}.Release|ARM.Build.0 = Release|Any CPU
		{479849CD-3F79-4B29-ACD0-ADCED9DC3A6E}.Release|x64.ActiveCfg = Release|Any CPU
		{479849CD-3F79-4B29-ACD0-ADCED9DC3A6E}.Release|x64.Build.0 = Release|Any CPU
		{479849CD-3F79-4B29-ACD0-ADCED9DC3A6E}.Release|x86.ActiveCfg = Release|Any CPU
		{479849CD-3F79-4B29-ACD0-ADCED9DC3A6E}.Release|x86.Build.0 = Release|Any CPU
		{6734161E-7D2D-485F-A48C-D0DFEA600583}.Debug|Any CPU.ActiveCfg = Debug|Any CPU
		{6734161E-7D2D-485F-A48C-D0DFEA600583}.Debug|Any CPU.Build.0 = Debug|Any CPU
		{6734161E-7D2D-485F-A48C-D0DFEA600583}.Debug|ARM.ActiveCfg = Debug|Any CPU
		{6734161E-7D2D-485F-A48C-D0DFEA600583}.Debug|ARM.Build.0 = Debug|Any CPU
		{6734161E-7D2D-485F-A48C-D0DFEA600583}.Debug|x64.ActiveCfg = Debug|Any CPU
		{6734161E-7D2D-485F-A48C-D0DFEA600583}.Debug|x64.Build.0 = Debug|Any CPU
		{6734161E-7D2D-485F-A48C-D0DFEA600583}.Debug|x86.ActiveCfg = Debug|x86
		{6734161E-7D2D-485F-A48C-D0DFEA600583}.Debug|x86.Build.0 = Debug|x86
		{6734161E-7D2D-485F-A48C-D0DFEA600583}.Release|Any CPU.ActiveCfg = Release|Any CPU
		{6734161E-7D2D-485F-A48C-D0DFEA600583}.Release|Any CPU.Build.0 = Release|Any CPU
		{6734161E-7D2D-485F-A48C-D0DFEA600583}.Release|ARM.ActiveCfg = Release|Any CPU
		{6734161E-7D2D-485F-A48C-D0DFEA600583}.Release|ARM.Build.0 = Release|Any CPU
		{6734161E-7D2D-485F-A48C-D0DFEA600583}.Release|x64.ActiveCfg = Release|Any CPU
		{6734161E-7D2D-485F-A48C-D0DFEA600583}.Release|x64.Build.0 = Release|Any CPU
		{6734161E-7D2D-485F-A48C-D0DFEA600583}.Release|x86.ActiveCfg = Release|Any CPU
		{6734161E-7D2D-485F-A48C-D0DFEA600583}.Release|x86.Build.0 = Release|Any CPU
		{17247320-F8A8-45E1-9C4D-CCDE17E07F1A}.Debug|Any CPU.ActiveCfg = Debug|Any CPU
		{17247320-F8A8-45E1-9C4D-CCDE17E07F1A}.Debug|Any CPU.Build.0 = Debug|Any CPU
		{17247320-F8A8-45E1-9C4D-CCDE17E07F1A}.Debug|ARM.ActiveCfg = Debug|Any CPU
		{17247320-F8A8-45E1-9C4D-CCDE17E07F1A}.Debug|ARM.Build.0 = Debug|Any CPU
		{17247320-F8A8-45E1-9C4D-CCDE17E07F1A}.Debug|x64.ActiveCfg = Debug|Any CPU
		{17247320-F8A8-45E1-9C4D-CCDE17E07F1A}.Debug|x64.Build.0 = Debug|Any CPU
		{17247320-F8A8-45E1-9C4D-CCDE17E07F1A}.Debug|x86.ActiveCfg = Debug|x86
		{17247320-F8A8-45E1-9C4D-CCDE17E07F1A}.Debug|x86.Build.0 = Debug|x86
		{17247320-F8A8-45E1-9C4D-CCDE17E07F1A}.Release|Any CPU.ActiveCfg = Release|Any CPU
		{17247320-F8A8-45E1-9C4D-CCDE17E07F1A}.Release|Any CPU.Build.0 = Release|Any CPU
		{17247320-F8A8-45E1-9C4D-CCDE17E07F1A}.Release|ARM.ActiveCfg = Release|Any CPU
		{17247320-F8A8-45E1-9C4D-CCDE17E07F1A}.Release|ARM.Build.0 = Release|Any CPU
		{17247320-F8A8-45E1-9C4D-CCDE17E07F1A}.Release|x64.ActiveCfg = Release|Any CPU
		{17247320-F8A8-45E1-9C4D-CCDE17E07F1A}.Release|x64.Build.0 = Release|Any CPU
		{17247320-F8A8-45E1-9C4D-CCDE17E07F1A}.Release|x86.ActiveCfg = Release|Any CPU
		{17247320-F8A8-45E1-9C4D-CCDE17E07F1A}.Release|x86.Build.0 = Release|Any CPU
		{04786636-8825-4FDA-8841-687C2880BF26}.Debug|Any CPU.ActiveCfg = Debug|Any CPU
		{04786636-8825-4FDA-8841-687C2880BF26}.Debug|Any CPU.Build.0 = Debug|Any CPU
		{04786636-8825-4FDA-8841-687C2880BF26}.Debug|ARM.ActiveCfg = Debug|Any CPU
		{04786636-8825-4FDA-8841-687C2880BF26}.Debug|ARM.Build.0 = Debug|Any CPU
		{04786636-8825-4FDA-8841-687C2880BF26}.Debug|x64.ActiveCfg = Debug|Any CPU
		{04786636-8825-4FDA-8841-687C2880BF26}.Debug|x64.Build.0 = Debug|Any CPU
		{04786636-8825-4FDA-8841-687C2880BF26}.Debug|x86.ActiveCfg = Debug|x86
		{04786636-8825-4FDA-8841-687C2880BF26}.Debug|x86.Build.0 = Debug|x86
		{04786636-8825-4FDA-8841-687C2880BF26}.Release|Any CPU.ActiveCfg = Release|Any CPU
		{04786636-8825-4FDA-8841-687C2880BF26}.Release|Any CPU.Build.0 = Release|Any CPU
		{04786636-8825-4FDA-8841-687C2880BF26}.Release|ARM.ActiveCfg = Release|Any CPU
		{04786636-8825-4FDA-8841-687C2880BF26}.Release|ARM.Build.0 = Release|Any CPU
		{04786636-8825-4FDA-8841-687C2880BF26}.Release|x64.ActiveCfg = Release|Any CPU
		{04786636-8825-4FDA-8841-687C2880BF26}.Release|x64.Build.0 = Release|Any CPU
		{04786636-8825-4FDA-8841-687C2880BF26}.Release|x86.ActiveCfg = Release|Any CPU
		{04786636-8825-4FDA-8841-687C2880BF26}.Release|x86.Build.0 = Release|Any CPU
		{93084370-FF48-4E22-943B-5A9359311041}.Debug|Any CPU.ActiveCfg = Debug|Any CPU
		{93084370-FF48-4E22-943B-5A9359311041}.Debug|Any CPU.Build.0 = Debug|Any CPU
		{93084370-FF48-4E22-943B-5A9359311041}.Debug|ARM.ActiveCfg = Debug|Any CPU
		{93084370-FF48-4E22-943B-5A9359311041}.Debug|ARM.Build.0 = Debug|Any CPU
		{93084370-FF48-4E22-943B-5A9359311041}.Debug|x64.ActiveCfg = Debug|Any CPU
		{93084370-FF48-4E22-943B-5A9359311041}.Debug|x64.Build.0 = Debug|Any CPU
		{93084370-FF48-4E22-943B-5A9359311041}.Debug|x86.ActiveCfg = Debug|x86
		{93084370-FF48-4E22-943B-5A9359311041}.Debug|x86.Build.0 = Debug|x86
		{93084370-FF48-4E22-943B-5A9359311041}.Release|Any CPU.ActiveCfg = Release|Any CPU
		{93084370-FF48-4E22-943B-5A9359311041}.Release|Any CPU.Build.0 = Release|Any CPU
		{93084370-FF48-4E22-943B-5A9359311041}.Release|ARM.ActiveCfg = Release|Any CPU
		{93084370-FF48-4E22-943B-5A9359311041}.Release|ARM.Build.0 = Release|Any CPU
		{93084370-FF48-4E22-943B-5A9359311041}.Release|x64.ActiveCfg = Release|Any CPU
		{93084370-FF48-4E22-943B-5A9359311041}.Release|x64.Build.0 = Release|Any CPU
		{93084370-FF48-4E22-943B-5A9359311041}.Release|x86.ActiveCfg = Release|Any CPU
		{93084370-FF48-4E22-943B-5A9359311041}.Release|x86.Build.0 = Release|Any CPU
	EndGlobalSection
	GlobalSection(SolutionProperties) = preSolution
		HideSolutionNode = FALSE
	EndGlobalSection
	GlobalSection(NestedProjects) = preSolution
		{A19B87EE-049D-4600-845C-F33B22DCEC8B} = {967E6D58-B78A-4D98-8F53-202926365C55}
		{C2F9C329-024C-497E-9308-15457A3E947E} = {967E6D58-B78A-4D98-8F53-202926365C55}
		{39E7EC5C-D223-4CF9-A034-969CB60AD090} = {10BA307A-9916-4552-9DF4-94962BA77449}
		{E0FCBCBC-8664-4AD9-98A1-66010C0DB7BD} = {967E6D58-B78A-4D98-8F53-202926365C55}
		{6734161E-7D2D-485F-A48C-D0DFEA600583} = {10BA307A-9916-4552-9DF4-94962BA77449}
		{17247320-F8A8-45E1-9C4D-CCDE17E07F1A} = {10BA307A-9916-4552-9DF4-94962BA77449}
		{04786636-8825-4FDA-8841-687C2880BF26} = {10BA307A-9916-4552-9DF4-94962BA77449}
		{93084370-FF48-4E22-943B-5A9359311041} = {967E6D58-B78A-4D98-8F53-202926365C55}
	EndGlobalSection
	GlobalSection(ExtensibilityGlobals) = postSolution
		SolutionGuid = {4D878F03-B4A4-41F8-B229-5B7F22B7BDB3}
	EndGlobalSection
EndGlobal
